lockfileVersion: '9.0'

settings:
  autoInstallPeers: true
  excludeLinksFromLockfile: false

importers:

  .:
    devDependencies:
      '@biomejs/biome':
        specifier: ^2.4.1
        version: 2.4.1
      '@stegripe/biomejs-config':
        specifier: ^1.1.0
        version: 1.1.0
      '@types/node':
        specifier: ^24.10.13
        version: 24.10.13
      rimraf:
        specifier: ^6.1.3
        version: 6.1.3
      typescript:
        specifier: ^5.9.3
        version: 5.9.3

packages:

  '@biomejs/biome@2.4.1':
    resolution: {integrity: sha512-8c5DZQl1hfpLRlTZ21W5Ef2R314E4UJUEtkMbo303ElTVe6fYtapwldv7tZlgwm+9YP0Mhk7dUSTkOY8nQ2/2w==}
    engines: {node: '>=14.21.3'}
    hasBin: true

  '@biomejs/cli-darwin-arm64@2.4.1':
    resolution: {integrity: sha512-wKiX2znbgFRaivRplSbu53hiREp1ohlGRuWqOL90IPetLi5E32tkiMYu8uSLXVzDgbIVM58WsesPaczIVtJkOQ==}
    engines: {node: '>=14.21.3'}
    cpu: [arm64]
    os: [darwin]

  '@biomejs/cli-darwin-x64@2.4.1':
    resolution: {integrity: sha512-rxLYVg3skeXh9K0om7JdkKcCdvtqrF9ECZ7dsmLuYObboK7DZ1J0z6xc2NGKSXw+cEQo3ie6NQgWBcdGJ16yQg==}
    engines: {node: '>=14.21.3'}
    cpu: [x64]
    os: [darwin]

  '@biomejs/cli-linux-arm64-musl@2.4.1':
    resolution: {integrity: sha512-Brwh/QL3wfX5UyZcyEamS1Q+EF8Q7ud+MS5mq/9BWX2ArfxQlgsqlukwK92xrGpXWcspXkSG9U0CoxvCZZkTKQ==}
    engines: {node: '>=14.21.3'}
    cpu: [arm64]
    os: [linux]
    libc: [musl]

  '@biomejs/cli-linux-arm64@2.4.1':
    resolution: {integrity: sha512-nlGO5KzoEKhGj2i3QXyyNCeFk8SVwyes0wo0/X9w943darnlAHfi8MYYunPf8lsz5C0JaH6pJYB6D9HnDwUPQA==}
    engines: {node: '>=14.21.3'}
    cpu: [arm64]
    os: [linux]
    libc: [glibc]

  '@biomejs/cli-linux-x64-musl@2.4.1':
    resolution: {integrity: sha512-kz1QpA+PXouNyWw2VzeoMlzMn99hlyOC/El2uSy+DS8gcb6tOsKEeZ5e2onnFIfZKe9AeKMFbTowDNLXwjwGjw==}
    engines: {node: '>=14.21.3'}
    cpu: [x64]
    os: [linux]
    libc: [musl]

  '@biomejs/cli-linux-x64@2.4.1':
    resolution: {integrity: sha512-Rmhm/mQ/3pejy1WtWLKurV1fN6zvCrqKz/ART2ZzgqY4ozL07uys5R9jA0A+yLjA79JTkcpIe85ygXv0FnSPRg==}
    engines: {node: '>=14.21.3'}
    cpu: [x64]
    os: [linux]
    libc: [glibc]

  '@biomejs/cli-win32-arm64@2.4.1':
    resolution: {integrity: sha512-e+PrlbQ/tez7W9EAzzCGUH1ovq31kR5r8sfCDzasrmoADLnDafet8pA8LdXnt0GwkeOem5Hz6WHCVZPRmaXiXw==}
    engines: {node: '>=14.21.3'}
    cpu: [arm64]
    os: [win32]

  '@biomejs/cli-win32-x64@2.4.1':
    resolution: {integrity: sha512-kfjOCzvaHC7olg8pmEuSsYzHntxdipkAGzr5nFiaEU2EPDWRE/myqUBaFDl9pHqEc8yEtQFiXF945PlTSkuOTw==}
    engines: {node: '>=14.21.3'}
    cpu: [x64]
    os: [win32]

  '@isaacs/cliui@9.0.0':
    resolution: {integrity: sha512-AokJm4tuBHillT+FpMtxQ60n8ObyXBatq7jD2/JA9dxbDDokKQm8KMht5ibGzLVU9IJDIKK4TPKgMHEYMn3lMg==}
    engines: {node: '>=18'}

  '@stegripe/biomejs-config@1.1.0':
    resolution: {integrity: sha512-FS4AqXqIwqLALHnTnAE71H29XmS1OoufEYeKMDUgdG6rKTMIAWVuRh+Mq1bavqTHpEiZIqUJfnC7KujUiqawPw==}

  '@types/node@24.10.13':
    resolution: {integrity: sha512-oH72nZRfDv9lADUBSo104Aq7gPHpQZc4BTx38r9xf9pg5LfP6EzSyH2n7qFmmxRQXh7YlUXODcYsg6PuTDSxGg==}

  balanced-match@4.0.2:
    resolution: {integrity: sha512-x0K50QvKQ97fdEz2kPehIerj+YTeptKF9hyYkKf6egnwmMWAkADiO0QCzSp0R5xN8FTZgYaBfSaue46Ej62nMg==}
    engines: {node: 20 || >=22}

  brace-expansion@5.0.2:
    resolution: {integrity: sha512-Pdk8c9poy+YhOgVWw1JNN22/HcivgKWwpxKq04M/jTmHyCZn12WPJebZxdjSa5TmBqISrUSgNYU3eRORljfCCw==}
    engines: {node: 20 || >=22}

  glob@13.0.3:
    resolution: {integrity: sha512-/g3B0mC+4x724v1TgtBlBtt2hPi/EWptsIAmXUx9Z2rvBYleQcsrmaOzd5LyL50jf/Soi83ZDJmw2+XqvH/EeA==}
    engines: {node: 20 || >=22}

  jackspeak@4.2.3:
    resolution: {integrity: sha512-ykkVRwrYvFm1nb2AJfKKYPr0emF6IiXDYUaFx4Zn9ZuIH7MrzEZ3sD5RlqGXNRpHtvUHJyOnCEFxOlNDtGo7wg==}
    engines: {node: 20 || >=22}

  lru-cache@11.2.4:
    resolution: {integrity: sha512-B5Y16Jr9LB9dHVkh6ZevG+vAbOsNOYCX+sXvFWFu7B3Iz5mijW3zdbMyhsh8ANd2mSWBYdJgnqi+mL7/LrOPYg==}
    engines: {node: 20 || >=22}

  minimatch@10.2.0:
    resolution: {integrity: sha512-ugkC31VaVg9cF0DFVoADH12k6061zNZkZON+aX8AWsR9GhPcErkcMBceb6znR8wLERM2AkkOxy2nWRLpT9Jq5w==}
    engines: {node: 20 || >=22}

  minipass@7.1.2:
    resolution: {integrity: sha512-qOOzS1cBTWYF4BH8fVePDBOO9iptMnGUEZwNc/cMWnTV2nVLZ7VoNWEPHkYczZA0pdoA7dl6e7FL659nX9S2aw==}
    engines: {node: '>=16 || 14 >=14.17'}

  package-json-from-dist@1.0.1:
    resolution: {integrity: sha512-UEZIS3/by4OC8vL3P2dTXRETpebLI2NiI5vIrjaD/5UtrkFX/tNbwjTSRAGC/+7CAo2pIcBaRgWmcBBHcsaCIw==}

  path-scurry@2.0.1:
    resolution: {integrity: sha512-oWyT4gICAu+kaA7QWk/jvCHWarMKNs6pXOGWKDTr7cw4IGcUbW+PeTfbaQiLGheFRpjo6O9J0PmyMfQPjH71oA==}
    engines: {node: 20 || >=22}

  rimraf@6.1.3:
    resolution: {integrity: sha512-LKg+Cr2ZF61fkcaK1UdkH2yEBBKnYjTyWzTJT6KNPcSPaiT7HSdhtMXQuN5wkTX0Xu72KQ1l8S42rlmexS2hSA==}
    engines: {node: 20 || >=22}
    hasBin: true

  typescript@5.9.3:
    resolution: {integrity: sha512-jl1vZzPDinLr9eUt3J/t7V6FgNEw9QjvBPdysz9KfQDD41fQrC2Y4vKQdiaUpFT4bXlb1RHhLpp8wtm6M5TgSw==}
    engines: {node: '>=14.17'}
    hasBin: true

  undici-types@7.16.0:
    resolution: {integrity: sha512-Zz+aZWSj8LE6zoxD+xrjh4VfkIG8Ya6LvYkZqtUQGJPZjYl53ypCaUwWqo7eI0x66KBGeRo+mlBEkMSeSZ38Nw==}

snapshots:

  '@biomejs/biome@2.4.1':
    optionalDependencies:
      '@biomejs/cli-darwin-arm64': 2.4.1
      '@biomejs/cli-darwin-x64': 2.4.1
      '@biomejs/cli-linux-arm64': 2.4.1
      '@biomejs/cli-linux-arm64-musl': 2.4.1
      '@biomejs/cli-linux-x64': 2.4.1
      '@biomejs/cli-linux-x64-musl': 2.4.1
      '@biomejs/cli-win32-arm64': 2.4.1
      '@biomejs/cli-win32-x64': 2.4.1

  '@biomejs/cli-darwin-arm64@2.4.1':
    optional: true

  '@biomejs/cli-darwin-x64@2.4.1':
    optional: true

  '@biomejs/cli-linux-arm64-musl@2.4.1':
    optional: true

  '@biomejs/cli-linux-arm64@2.4.1':
    optional: true

  '@biomejs/cli-linux-x64-musl@2.4.1':
    optional: true

  '@biomejs/cli-linux-x64@2.4.1':
    optional: true

  '@biomejs/cli-win32-arm64@2.4.1':
    optional: true

  '@biomejs/cli-win32-x64@2.4.1':
    optional: true

  '@isaacs/cliui@9.0.0': {}

  '@stegripe/biomejs-config@1.1.0': {}

  '@types/node@24.10.13':
    dependencies:
      undici-types: 7.16.0

  balanced-match@4.0.2:
    dependencies:
      jackspeak: 4.2.3

  brace-expansion@5.0.2:
    dependencies:
      balanced-match: 4.0.2

  glob@13.0.3:
    dependencies:
      minimatch: 10.2.0
      minipass: 7.1.2
      path-scurry: 2.0.1

  jackspeak@4.2.3:
    dependencies:
      '@isaacs/cliui': 9.0.0

  lru-cache@11.2.4: {}

  minimatch@10.2.0:
    dependencies:
      brace-expansion: 5.0.2

  minipass@7.1.2: {}

  package-json-from-dist@1.0.1: {}

  path-scurry@2.0.1:
    dependencies:
      lru-cache: 11.2.4
      minipass: 7.1.2

  rimraf@6.1.3:
    dependencies:
      glob: 13.0.3
      package-json-from-dist: 1.0.1

  typescript@5.9.3: {}

  undici-types@7.16.0: {}
